
Microsoft Visual Studio Solution File, Format Version 12.00
# Visual Studio Express 2012 for Windows Desktop
Project("{F184B08F-C81C-45F6-A57F-5ABD9991F28F}") = "Week14_Program11", "Week14_Program11\Week14_Program11.vbproj", "{3D5D1129-2F39-438B-A7A6-360FFE01F4FE}"
EndProject
Global
	GlobalSection(SolutionConfigurationPlatforms) = preSolution
		Debug|Any CPU = Debug|Any CPU
		Release|Any CPU = Release|Any CPU
	EndGlobalSection
	GlobalSection(ProjectConfigurationPlatforms) = postSolution
		{3D5D1129-2F39-438B-A7A6-360FFE01F4FE}.Debug|Any CPU.ActiveCfg = Debug|Any CPU
		{3D5D1129-2F39-438B-A7A6-360FFE01F4FE}.Debug|Any CPU.Build.0 = Debug|Any CPU
		{3D5D1129-2F39-438B-A7A6-360FFE01F4FE}.Release|Any CPU.ActiveCfg = Release|Any CPU
		{3D5D1129-2F39-438B-A7A6-360FFE01F4FE}.Release|Any CPU.Build.0 = Release|Any CPU
	EndGlobalSection
	GlobalSection(SolutionProperties) = preSolution
		HideSolutionNode = FALSE
	EndGlobalSection
EndGlobal
